
Microsoft Visual Studio Solution File, Format Version 12.00
# Visual Studio 14
VisualStudioVersion = 14.0.23107.0
MinimumVisualStudioVersion = 10.0.40219.1
Project("{FAE04EC0-301F-11D3-BF4B-00C04F79EFBC}") = "EditAndContinue", "EditAndContinue\EditAndContinue.csproj", "{4223215B-DDF8-4728-958C-7A2AFEB1E523}"
EndProject
Project("{FAE04EC0-301F-11D3-BF4B-00C04F79EFBC}") = "NameGeneratorLib", "NameGeneratorLib\NameGeneratorLib.csproj", "{AA8F8048-6B20-48B4-A976-EADED8674226}"
EndProject
Global
	GlobalSection(SolutionConfigurationPlatforms) = preSolution
		Debug|Any CPU = Debug|Any CPU
		Release|Any CPU = Release|Any CPU
	EndGlobalSection
	GlobalSection(ProjectConfigurationPlatforms) = postSolution
		{4223215B-DDF8-4728-958C-7A2AFEB1E523}.Debug|Any CPU.ActiveCfg = Debug|Any CPU
		{4223215B-DDF8-4728-958C-7A2AFEB1E523}.Debug|Any CPU.Build.0 = Debug|Any CPU
		{4223215B-DDF8-4728-958C-7A2AFEB1E523}.Release|Any CPU.ActiveCfg = Release|Any CPU
		{4223215B-DDF8-4728-958C-7A2AFEB1E523}.Release|Any CPU.Build.0 = Release|Any CPU
		{AA8F8048-6B20-48B4-A976-EADED8674226}.Debug|Any CPU.ActiveCfg = Debug|Any CPU
		{AA8F8048-6B20-48B4-A976-EADED8674226}.Debug|Any CPU.Build.0 = Debug|Any CPU
		{AA8F8048-6B20-48B4-A976-EADED8674226}.Release|Any CPU.ActiveCfg = Release|Any CPU
		{AA8F8048-6B20-48B4-A976-EADED8674226}.Release|Any CPU.Build.0 = Release|Any CPU
	EndGlobalSection
	GlobalSection(SolutionProperties) = preSolution
		HideSolutionNode = FALSE
	EndGlobalSection
EndGlobal
