
Microsoft Visual Studio Solution File, Format Version 12.00
# Visual Studio 14
VisualStudioVersion = 14.0.23107.0
MinimumVisualStudioVersion = 10.0.40219.1
Project("{FAE04EC0-301F-11D3-BF4B-00C04F79EFBC}") = "EvenMoreDebugWindowsConsole", "EvenMoreDebugWindowsConsole\EvenMoreDebugWindowsConsole.csproj", "{C1809FB8-EC00-495A-9FC9-6593CABB0993}"
EndProject
Project("{F184B08F-C81C-45F6-A57F-5ABD9991F28F}") = "WpfApp", "WpfApp\WpfApp.vbproj", "{6AAB9C4B-88E9-40B6-BC2A-5130F8C8DCC6}"
EndProject
Global
	GlobalSection(SolutionConfigurationPlatforms) = preSolution
		Debug|Any CPU = Debug|Any CPU
		Release|Any CPU = Release|Any CPU
	EndGlobalSection
	GlobalSection(ProjectConfigurationPlatforms) = postSolution
		{C1809FB8-EC00-495A-9FC9-6593CABB0993}.Debug|Any CPU.ActiveCfg = Debug|Any CPU
		{C1809FB8-EC00-495A-9FC9-6593CABB0993}.Debug|Any CPU.Build.0 = Debug|Any CPU
		{C1809FB8-EC00-495A-9FC9-6593CABB0993}.Release|Any CPU.ActiveCfg = Release|Any CPU
		{C1809FB8-EC00-495A-9FC9-6593CABB0993}.Release|Any CPU.Build.0 = Release|Any CPU
		{6AAB9C4B-88E9-40B6-BC2A-5130F8C8DCC6}.Debug|Any CPU.ActiveCfg = Debug|Any CPU
		{6AAB9C4B-88E9-40B6-BC2A-5130F8C8DCC6}.Debug|Any CPU.Build.0 = Debug|Any CPU
		{6AAB9C4B-88E9-40B6-BC2A-5130F8C8DCC6}.Release|Any CPU.ActiveCfg = Release|Any CPU
		{6AAB9C4B-88E9-40B6-BC2A-5130F8C8DCC6}.Release|Any CPU.Build.0 = Release|Any CPU
	EndGlobalSection
	GlobalSection(SolutionProperties) = preSolution
		HideSolutionNode = FALSE
	EndGlobalSection
EndGlobal
